{
  "name": "ownSiteTest",
  "lockfileVersion": 3,
  "requires": true,
  "packages": {
    "": {
      "dependencies": {
        "@directus/sdk": "^24.0.0"
      }
    },
    "node_modules/@directus/sdk": {
      "version": "24.0.0",
      "resolved": "https://registry.npmjs.org/@directus/sdk/-/sdk-24.0.0.tgz",
      "integrity": "sha512-8sibVOa1OZAgDg9d3NwIX51mhXrvUmobChYe4QvaVCyq/rECD57yHYzKfjfjmbFMogkVxI8tnqyoA+TIJVcAoQ==",
      "license": "MIT",
      "engines": {
        "node": ">=22"
      },
      "funding": {
        "url": "https://github.com/directus/directus?sponsor=1"
      }
    }
  }
}
